// !$*UTF8*$!
{
	archiveVersion = 1;
	classes = {
	};
	objectVersion = 55;
	objects = {

/* Begin PBXBuildFile section */
		1E12365C191415B908599670 /* Pods_Countries.framework in Frameworks */ = {isa = PBXBuildFile; fileRef = 17E7A1861BD01F61769D39CA /* Pods_Countries.framework */; };
		9C4CB0FA27EFBC4A006824D5 /* AppDelegate.swift in Sources */ = {isa = PBXBuildFile; fileRef = 9C4CB0F927EFBC4A006824D5 /* AppDelegate.swift */; };
		9C4CB0FC27EFBC4A006824D5 /* SceneDelegate.swift in Sources */ = {isa = PBXBuildFile; fileRef = 9C4CB0FB27EFBC4A006824D5 /* SceneDelegate.swift */; };
		9C4CB0FE27EFBC4A006824D5 /* HomeVC.swift in Sources */ = {isa = PBXBuildFile; fileRef = 9C4CB0FD27EFBC4A006824D5 /* HomeVC.swift */; };
		9C4CB10127EFBC4A006824D5 /* Main.storyboard in Resources */ = {isa = PBXBuildFile; fileRef = 9C4CB0FF27EFBC4A006824D5 /* Main.storyboard */; };
		9C4CB10327EFBC4B006824D5 /* Assets.xcassets in Resources */ = {isa = PBXBuildFile; fileRef = 9C4CB10227EFBC4B006824D5 /* Assets.xcassets */; };
		9C4CB10627EFBC4B006824D5 /* LaunchScreen.storyboard in Resources */ = {isa = PBXBuildFile; fileRef = 9C4CB10427EFBC4B006824D5 /* LaunchScreen.storyboard */; };
		9C4CB10E27EFBC91006824D5 /* Apicall.swift in Sources */ = {isa = PBXBuildFile; fileRef = 9C4CB10D27EFBC91006824D5 /* Apicall.swift */; };
		9C4CB11027EFBCEA006824D5 /* Country.swift in Sources */ = {isa = PBXBuildFile; fileRef = 9C4CB10F27EFBCEA006824D5 /* Country.swift */; };
		9C4CB11227EFC4D1006824D5 /* CountriesDTO.swift in Sources */ = {isa = PBXBuildFile; fileRef = 9C4CB11127EFC4D1006824D5 /* CountriesDTO.swift */; };
		9C4CB11727EFDB89006824D5 /* CountryCell.swift in Sources */ = {isa = PBXBuildFile; fileRef = 9C4CB11527EFDB89006824D5 /* CountryCell.swift */; };
		9C4CB11D27EFE819006824D5 /* SCTransfer.swift in Sources */ = {isa = PBXBuildFile; fileRef = 9C4CB11C27EFE819006824D5 /* SCTransfer.swift */; };
		9C4CB11F27EFE999006824D5 /* SavedVC.swift in Sources */ = {isa = PBXBuildFile; fileRef = 9C4CB11E27EFE999006824D5 /* SavedVC.swift */; };
		9C4CB12127F00256006824D5 /* DetailVC.swift in Sources */ = {isa = PBXBuildFile; fileRef = 9C4CB12027F00256006824D5 /* DetailVC.swift */; };
		9C4CB12327F005B4006824D5 /* CountryDetailDTO.swift in Sources */ = {isa = PBXBuildFile; fileRef = 9C4CB12227F005B4006824D5 /* CountryDetailDTO.swift */; };
		9C4CB12627F00E77006824D5 /* Kingfisher in Frameworks */ = {isa = PBXBuildFile; productRef = 9C4CB12527F00E77006824D5 /* Kingfisher */; };
/* End PBXBuildFile section */

/* Begin PBXFileReference section */
		17E7A1861BD01F61769D39CA /* Pods_Countries.framework */ = {isa = PBXFileReference; explicitFileType = wrapper.framework; includeInIndex = 0; path = Pods_Countries.framework; sourceTree = BUILT_PRODUCTS_DIR; };
		89BFC124DFF2341C7D666F7D /* Pods-Countries.debug.xcconfig */ = {isa = PBXFileReference; includeInIndex = 1; lastKnownFileType = text.xcconfig; name = "Pods-Countries.debug.xcconfig"; path = "Target Support Files/Pods-Countries/Pods-Countries.debug.xcconfig"; sourceTree = "<group>"; };
		9C4CB0F627EFBC4A006824D5 /* Countries.app */ = {isa = PBXFileReference; explicitFileType = wrapper.application; includeInIndex = 0; path = Countries.app; sourceTree = BUILT_PRODUCTS_DIR; };
		9C4CB0F927EFBC4A006824D5 /* AppDelegate.swift */ = {isa = PBXFileReference; lastKnownFileType = sourcecode.swift; path = AppDelegate.swift; sourceTree = "<group>"; };
		9C4CB0FB27EFBC4A006824D5 /* SceneDelegate.swift */ = {isa = PBXFileReference; lastKnownFileType = sourcecode.swift; path = SceneDelegate.swift; sourceTree = "<group>"; };
		9C4CB0FD27EFBC4A006824D5 /* HomeVC.swift */ = {isa = PBXFileReference; lastKnownFileType = sourcecode.swift; path = HomeVC.swift; sourceTree = "<group>"; };
		9C4CB10027EFBC4A006824D5 /* Base */ = {isa = PBXFileReference; lastKnownFileType = file.storyboard; name = Base; path = Base.lproj/Main.storyboard; sourceTree = "<group>"; };
		9C4CB10227EFBC4B006824D5 /* Assets.xcassets */ = {isa = PBXFileReference; lastKnownFileType = folder.assetcatalog; path = Assets.xcassets; sourceTree = "<group>"; };
		9C4CB10527EFBC4B006824D5 /* Base */ = {isa = PBXFileReference; lastKnownFileType = file.storyboard; name = Base; path = Base.lproj/LaunchScreen.storyboard; sourceTree = "<group>"; };
		9C4CB10727EFBC4B006824D5 /* Info.plist */ = {isa = PBXFileReference; lastKnownFileType = text.plist.xml; path = Info.plist; sourceTree = "<group>"; };
		9C4CB10D27EFBC91006824D5 /* Apicall.swift */ = {isa = PBXFileReference; lastKnownFileType = sourcecode.swift; path = Apicall.swift; sourceTree = "<group>"; };
		9C4CB10F27EFBCEA006824D5 /* Country.swift */ = {isa = PBXFileReference; lastKnownFileType = sourcecode.swift; path = Country.swift; sourceTree = "<group>"; };
		9C4CB11127EFC4D1006824D5 /* CountriesDTO.swift */ = {isa = PBXFileReference; lastKnownFileType = sourcecode.swift; path = CountriesDTO.swift; sourceTree = "<group>"; };
		9C4CB11527EFDB89006824D5 /* CountryCell.swift */ = {isa = PBXFileReference; lastKnownFileType = sourcecode.swift; path = CountryCell.swift; sourceTree = "<group>"; };
		9C4CB11C27EFE819006824D5 /* SCTransfer.swift */ = {isa = PBXFileReference; lastKnownFileType = sourcecode.swift; path = SCTransfer.swift; sourceTree = "<group>"; };
		9C4CB11E27EFE999006824D5 /* SavedVC.swift */ = {isa = PBXFileReference; lastKnownFileType = sourcecode.swift; path = SavedVC.swift; sourceTree = "<group>"; };
		9C4CB12027F00256006824D5 /* DetailVC.swift */ = {isa = PBXFileReference; lastKnownFileType = sourcecode.swift; path = DetailVC.swift; sourceTree = "<group>"; };
		9C4CB12227F005B4006824D5 /* CountryDetailDTO.swift */ = {isa = PBXFileReference; lastKnownFileType = sourcecode.swift; path = CountryDetailDTO.swift; sourceTree = "<group>"; };
		A05615834728D52327CE2350 /* Pods-Countries.release.xcconfig */ = {isa = PBXFileReference; includeInIndex = 1; lastKnownFileType = text.xcconfig; name = "Pods-Countries.release.xcconfig"; path = "Target Support Files/Pods-Countries/Pods-Countries.release.xcconfig"; sourceTree = "<group>"; };
/* End PBXFileReference section */

/* Begin PBXFrameworksBuildPhase section */
		9C4CB0F327EFBC4A006824D5 /* Frameworks */ = {
			isa = PBXFrameworksBuildPhase;
			buildActionMask = 2147483647;
			files = (
				9C4CB12627F00E77006824D5 /* Kingfisher in Frameworks */,
				1E12365C191415B908599670 /* Pods_Countries.framework in Frameworks */,
			);
			runOnlyForDeploymentPostprocessing = 0;
		};
/* End PBXFrameworksBuildPhase section */

/* Begin PBXGroup section */
		3E0A5F9EFB2C6832CED3D0A2 /* Pods */ = {
			isa = PBXGroup;
			children = (
				89BFC124DFF2341C7D666F7D /* Pods-Countries.debug.xcconfig */,
				A05615834728D52327CE2350 /* Pods-Countries.release.xcconfig */,
			);
			path = Pods;
			sourceTree = "<group>";
		};
		9C4CB0ED27EFBC4A006824D5 = {
			isa = PBXGroup;
			children = (
				9C4CB0F827EFBC4A006824D5 /* Countries */,
				9C4CB0F727EFBC4A006824D5 /* Products */,
				3E0A5F9EFB2C6832CED3D0A2 /* Pods */,
				BE8E6BF0708C451F4D323AF0 /* Frameworks */,
			);
			sourceTree = "<group>";
		};
		9C4CB0F727EFBC4A006824D5 /* Products */ = {
			isa = PBXGroup;
			children = (
				9C4CB0F627EFBC4A006824D5 /* Countries.app */,
			);
			name = Products;
			sourceTree = "<group>";
		};
		9C4CB0F827EFBC4A006824D5 /* Countries */ = {
			isa = PBXGroup;
			children = (
				9C4CB11A27EFDBA9006824D5 /* Controllers */,
				9C4CB0F927EFBC4A006824D5 /* AppDelegate.swift */,
				9C4CB0FB27EFBC4A006824D5 /* SceneDelegate.swift */,
				9C4CB0FF27EFBC4A006824D5 /* Main.storyboard */,
				9C4CB10F27EFBCEA006824D5 /* Country.swift */,
				9C4CB11B27EFDBD1006824D5 /* Network */,
				9C4CB10227EFBC4B006824D5 /* Assets.xcassets */,
				9C4CB10427EFBC4B006824D5 /* LaunchScreen.storyboard */,
				9C4CB10727EFBC4B006824D5 /* Info.plist */,
			);
			path = Countries;
			sourceTree = "<group>";
		};
		9C4CB11927EFDB94006824D5 /* CellModel */ = {
			isa = PBXGroup;
			children = (
				9C4CB11527EFDB89006824D5 /* CountryCell.swift */,
			);
			name = CellModel;
			sourceTree = "<group>";
		};
		9C4CB11A27EFDBA9006824D5 /* Controllers */ = {
			isa = PBXGroup;
			children = (
				9C4CB11C27EFE819006824D5 /* SCTransfer.swift */,
				9C4CB11927EFDB94006824D5 /* CellModel */,
				9C4CB0FD27EFBC4A006824D5 /* HomeVC.swift */,
				9C4CB11E27EFE999006824D5 /* SavedVC.swift */,
				9C4CB12027F00256006824D5 /* DetailVC.swift */,
			);
			name = Controllers;
			sourceTree = "<group>";
		};
		9C4CB11B27EFDBD1006824D5 /* Network */ = {
			isa = PBXGroup;
			children = (
				9C4CB10D27EFBC91006824D5 /* Apicall.swift */,
				9C4CB11127EFC4D1006824D5 /* CountriesDTO.swift */,
				9C4CB12227F005B4006824D5 /* CountryDetailDTO.swift */,
			);
			name = Network;
			sourceTree = "<group>";
		};
		BE8E6BF0708C451F4D323AF0 /* Frameworks */ = {
			isa = PBXGroup;
			children = (
				17E7A1861BD01F61769D39CA /* Pods_Countries.framework */,
			);
			name = Frameworks;
			sourceTree = "<group>";
		};
/* End PBXGroup section */

/* Begin PBXNativeTarget section */
		9C4CB0F527EFBC4A006824D5 /* Countries */ = {
			isa = PBXNativeTarget;
			buildConfigurationList = 9C4CB10A27EFBC4B006824D5 /* Build configuration list for PBXNativeTarget "Countries" */;
			buildPhases = (
				9929E63D4E747188F8A0F516 /* [CP] Check Pods Manifest.lock */,
				9C4CB0F227EFBC4A006824D5 /* Sources */,
				9C4CB0F327EFBC4A006824D5 /* Frameworks */,
				9C4CB0F427EFBC4A006824D5 /* Resources */,
				0C9E88EC75BDAE45AAA73231 /* [CP] Embed Pods Frameworks */,
			);
			buildRules = (
			);
			dependencies = (
			);
			name = Countries;
			packageProductDependencies = (
				9C4CB12527F00E77006824D5 /* Kingfisher */,
			);
			productName = Countries;
			productReference = 9C4CB0F627EFBC4A006824D5 /* Countries.app */;
			productType = "com.apple.product-type.application";
		};
/* End PBXNativeTarget section */

/* Begin PBXProject section */
		9C4CB0EE27EFBC4A006824D5 /* Project object */ = {
			isa = PBXProject;
			attributes = {
				BuildIndependentTargetsInParallel = 1;
				LastSwiftUpdateCheck = 1320;
				LastUpgradeCheck = 1320;
				TargetAttributes = {
					9C4CB0F527EFBC4A006824D5 = {
						CreatedOnToolsVersion = 13.2.1;
					};
				};
			};
			buildConfigurationList = 9C4CB0F127EFBC4A006824D5 /* Build configuration list for PBXProject "Countries" */;
			compatibilityVersion = "Xcode 13.0";
			developmentRegion = en;
			hasScannedForEncodings = 0;
			knownRegions = (
				en,
				Base,
			);
			mainGroup = 9C4CB0ED27EFBC4A006824D5;
			packageReferences = (
				9C4CB12427F00E77006824D5 /* XCRemoteSwiftPackageReference "Kingfisher" */,
			);
			productRefGroup = 9C4CB0F727EFBC4A006824D5 /* Products */;
			projectDirPath = "";
			projectRoot = "";
			targets = (
				9C4CB0F527EFBC4A006824D5 /* Countries */,
			);
		};
/* End PBXProject section */

/* Begin PBXResourcesBuildPhase section */
		9C4CB0F427EFBC4A006824D5 /* Resources */ = {
			isa = PBXResourcesBuildPhase;
			buildActionMask = 2147483647;
			files = (
				9C4CB10627EFBC4B006824D5 /* LaunchScreen.storyboard in Resources */,
				9C4CB10327EFBC4B006824D5 /* Assets.xcassets in Resources */,
				9C4CB10127EFBC4A006824D5 /* Main.storyboard in Resources */,
			);
			runOnlyForDeploymentPostprocessing = 0;
		};
/* End PBXResourcesBuildPhase section */

/* Begin PBXShellScriptBuildPhase section */
		0C9E88EC75BDAE45AAA73231 /* [CP] Embed Pods Frameworks */ = {
			isa = PBXShellScriptBuildPhase;
			buildActionMask = 2147483647;
			files = (
			);
			inputFileListPaths = (
				"${PODS_ROOT}/Target Support Files/Pods-Countries/Pods-Countries-frameworks-${CONFIGURATION}-input-files.xcfilelist",
			);
			name = "[CP] Embed Pods Frameworks";
			outputFileListPaths = (
				"${PODS_ROOT}/Target Support Files/Pods-Countries/Pods-Countries-frameworks-${CONFIGURATION}-output-files.xcfilelist",
			);
			runOnlyForDeploymentPostprocessing = 0;
			shellPath = /bin/sh;
			shellScript = "\"${PODS_ROOT}/Target Support Files/Pods-Countries/Pods-Countries-frameworks.sh\"\n";
			showEnvVarsInLog = 0;
		};
		9929E63D4E747188F8A0F516 /* [CP] Check Pods Manifest.lock */ = {
			isa = PBXShellScriptBuildPhase;
			buildActionMask = 2147483647;
			files = (
			);
			inputFileListPaths = (
			);
			inputPaths = (
				"${PODS_PODFILE_DIR_PATH}/Podfile.lock",
				"${PODS_ROOT}/Manifest.lock",
			);
			name = "[CP] Check Pods Manifest.lock";
			outputFileListPaths = (
			);
			outputPaths = (
				"$(DERIVED_FILE_DIR)/Pods-Countries-checkManifestLockResult.txt",
			);
			runOnlyForDeploymentPostprocessing = 0;
			shellPath = /bin/sh;
			shellScript = "diff \"${PODS_PODFILE_DIR_PATH}/Podfile.lock\" \"${PODS_ROOT}/Manifest.lock\" > /dev/null\nif [ $? != 0 ] ; then\n    # print error to STDERR\n    echo \"error: The sandbox is not in sync with the Podfile.lock. Run 'pod install' or update your CocoaPods installation.\" >&2\n    exit 1\nfi\n# This output is used by Xcode 'outputs' to avoid re-running this script phase.\necho \"SUCCESS\" > \"${SCRIPT_OUTPUT_FILE_0}\"\n";
			showEnvVarsInLog = 0;
		};
/* End PBXShellScriptBuildPhase section */

/* Begin PBXSourcesBuildPhase section */
		9C4CB0F227EFBC4A006824D5 /* Sources */ = {
			isa = PBXSourcesBuildPhase;
			buildActionMask = 2147483647;
			files = (
				9C4CB11027EFBCEA006824D5 /* Country.swift in Sources */,
				9C4CB0FE27EFBC4A006824D5 /* HomeVC.swift in Sources */,
				9C4CB11227EFC4D1006824D5 /* CountriesDTO.swift in Sources */,
				9C4CB0FA27EFBC4A006824D5 /* AppDelegate.swift in Sources */,
				9C4CB11F27EFE999006824D5 /* SavedVC.swift in Sources */,
				9C4CB12127F00256006824D5 /* DetailVC.swift in Sources */,
				9C4CB10E27EFBC91006824D5 /* Apicall.swift in Sources */,
				9C4CB0FC27EFBC4A006824D5 /* SceneDelegate.swift in Sources */,
				9C4CB12327F005B4006824D5 /* CountryDetailDTO.swift in Sources */,
				9C4CB11D27EFE819006824D5 /* SCTransfer.swift in Sources */,
				9C4CB11727EFDB89006824D5 /* CountryCell.swift in Sources */,
			);
			runOnlyForDeploymentPostprocessing = 0;
		};
/* End PBXSourcesBuildPhase section */

/* Begin PBXVariantGroup section */
		9C4CB0FF27EFBC4A006824D5 /* Main.storyboard */ = {
			isa = PBXVariantGroup;
			children = (
				9C4CB10027EFBC4A006824D5 /* Base */,
			);
			name = Main.storyboard;
			sourceTree = "<group>";
		};
		9C4CB10427EFBC4B006824D5 /* LaunchScreen.storyboard */ = {
			isa = PBXVariantGroup;
			children = (
				9C4CB10527EFBC4B006824D5 /* Base */,
			);
			name = LaunchScreen.storyboard;
			sourceTree = "<group>";
		};
/* End PBXVariantGroup section */

/* Begin XCBuildConfiguration section */
		9C4CB10827EFBC4B006824D5 /* Debug */ = {
			isa = XCBuildConfiguration;
			buildSettings = {
				ALWAYS_SEARCH_USER_PATHS = NO;
				CLANG_ANALYZER_NONNULL = YES;
				CLANG_ANALYZER_NUMBER_OBJECT_CONVERSION = YES_AGGRESSIVE;
				CLANG_CXX_LANGUAGE_STANDARD = "gnu++17";
				CLANG_CXX_LIBRARY = "libc++";
				CLANG_ENABLE_MODULES = YES;
				CLANG_ENABLE_OBJC_ARC = YES;
				CLANG_ENABLE_OBJC_WEAK = YES;
				CLANG_WARN_BLOCK_CAPTURE_AUTORELEASING = YES;
				CLANG_WARN_BOOL_CONVERSION = YES;
				CLANG_WARN_COMMA = YES;
				CLANG_WARN_CONSTANT_CONVERSION = YES;
				CLANG_WARN_DEPRECATED_OBJC_IMPLEMENTATIONS = YES;
				CLANG_WARN_DIRECT_OBJC_ISA_USAGE = YES_ERROR;
				CLANG_WARN_DOCUMENTATION_COMMENTS = YES;
				CLANG_WARN_EMPTY_BODY = YES;
				CLANG_WARN_ENUM_CONVERSION = YES;
				CLANG_WARN_INFINITE_RECURSION = YES;
				CLANG_WARN_INT_CONVERSION = YES;
				CLANG_WARN_NON_LITERAL_NULL_CONVERSION = YES;
				CLANG_WARN_OBJC_IMPLICIT_RETAIN_SELF = YES;
				CLANG_WARN_OBJC_LITERAL_CONVERSION = YES;
				CLANG_WARN_OBJC_ROOT_CLASS = YES_ERROR;
				CLANG_WARN_QUOTED_INCLUDE_IN_FRAMEWORK_HEADER = YES;
				CLANG_WARN_RANGE_LOOP_ANALYSIS = YES;
				CLANG_WARN_STRICT_PROTOTYPES = YES;
				CLANG_WARN_SUSPICIOUS_MOVE = YES;
				CLANG_WARN_UNGUARDED_AVAILABILITY = YES_AGGRESSIVE;
				CLANG_WARN_UNREACHABLE_CODE = YES;
				CLANG_WARN__DUPLICATE_METHOD_MATCH = YES;
				COPY_PHASE_STRIP = NO;
				DEBUG_INFORMATION_FORMAT = dwarf;
				ENABLE_STRICT_OBJC_MSGSEND = YES;
				ENABLE_TESTABILITY = YES;
				GCC_C_LANGUAGE_STANDARD = gnu11;
				GCC_DYNAMIC_NO_PIC = NO;
				GCC_NO_COMMON_BLOCKS = YES;
				GCC_OPTIMIZATION_LEVEL = 0;
				GCC_PREPROCESSOR_DEFINITIONS = (
					"DEBUG=1",
					"$(inherited)",
				);
				GCC_WARN_64_TO_32_BIT_CONVERSION = YES;
				GCC_WARN_ABOUT_RETURN_TYPE = YES_ERROR;
				GCC_WARN_UNDECLARED_SELECTOR = YES;
				GCC_WARN_UNINITIALIZED_AUTOS = YES_AGGRESSIVE;
				GCC_WARN_UNUSED_FUNCTION = YES;
				GCC_WARN_UNUSED_VARIABLE = YES;
				IPHONEOS_DEPLOYMENT_TARGET = 15.2;
				MTL_ENABLE_DEBUG_INFO = INCLUDE_SOURCE;
				MTL_FAST_MATH = YES;
				ONLY_ACTIVE_ARCH = YES;
				SDKROOT = iphoneos;
				SWIFT_ACTIVE_COMPILATION_CONDITIONS = DEBUG;
				SWIFT_OPTIMIZATION_LEVEL = "-Onone";
			};
			name = Debug;
		};
		9C4CB10927EFBC4B006824D5 /* Release */ = {
			isa = XCBuildConfiguration;
			buildSettings = {
				ALWAYS_SEARCH_USER_PATHS = NO;
				CLANG_ANALYZER_NONNULL = YES;
				CLANG_ANALYZER_NUMBER_OBJECT_CONVERSION = YES_AGGRESSIVE;
				CLANG_CXX_LANGUAGE_STANDARD = "gnu++17";
				CLANG_CXX_LIBRARY = "libc++";
				CLANG_ENABLE_MODULES = YES;
				CLANG_ENABLE_OBJC_ARC = YES;
				CLANG_ENABLE_OBJC_WEAK = YES;
				CLANG_WARN_BLOCK_CAPTURE_AUTORELEASING = YES;
				CLANG_WARN_BOOL_CONVERSION = YES;
				CLANG_WARN_COMMA = YES;
				CLANG_WARN_CONSTANT_CONVERSION = YES;
				CLANG_WARN_DEPRECATED_OBJC_IMPLEMENTATIONS = YES;
				CLANG_WARN_DIRECT_OBJC_ISA_USAGE = YES_ERROR;
				CLANG_WARN_DOCUMENTATION_COMMENTS = YES;
				CLANG_WARN_EMPTY_BODY = YES;
				CLANG_WARN_ENUM_CONVERSION = YES;
				CLANG_WARN_INFINITE_RECURSION = YES;
				CLANG_WARN_INT_CONVERSION = YES;
				CLANG_WARN_NON_LITERAL_NULL_CONVERSION = YES;
				CLANG_WARN_OBJC_IMPLICIT_RETAIN_SELF = YES;
				CLANG_WARN_OBJC_LITERAL_CONVERSION = YES;
				CLANG_WARN_OBJC_ROOT_CLASS = YES_ERROR;
				CLANG_WARN_QUOTED_INCLUDE_IN_FRAMEWORK_HEADER = YES;
				CLANG_WARN_RANGE_LOOP_ANALYSIS = YES;
				CLANG_WARN_STRICT_PROTOTYPES = YES;
				CLANG_WARN_SUSPICIOUS_MOVE = YES;
				CLANG_WARN_UNGUARDED_AVAILABILITY = YES_AGGRESSIVE;
				CLANG_WARN_UNREACHABLE_CODE = YES;
				CLANG_WARN__DUPLICATE_METHOD_MATCH = YES;
				COPY_PHASE_STRIP = NO;
				DEBUG_INFORMATION_FORMAT = "dwarf-with-dsym";
				ENABLE_NS_ASSERTIONS = NO;
				ENABLE_STRICT_OBJC_MSGSEND = YES;
				GCC_C_LANGUAGE_STANDARD = gnu11;
				GCC_NO_COMMON_BLOCKS = YES;
				GCC_WARN_64_TO_32_BIT_CONVERSION = YES;
				GCC_WARN_ABOUT_RETURN_TYPE = YES_ERROR;
				GCC_WARN_UNDECLARED_SELECTOR = YES;
				GCC_WARN_UNINITIALIZED_AUTOS = YES_AGGRESSIVE;
				GCC_WARN_UNUSED_FUNCTION = YES;
				GCC_WARN_UNUSED_VARIABLE = YES;
				IPHONEOS_DEPLOYMENT_TARGET = 15.2;
				MTL_ENABLE_DEBUG_INFO = NO;
				MTL_FAST_MATH = YES;
				SDKROOT = iphoneos;
				SWIFT_COMPILATION_MODE = wholemodule;
				SWIFT_OPTIMIZATION_LEVEL = "-O";
				VALIDATE_PRODUCT = YES;
			};
			name = Release;
		};
		9C4CB10B27EFBC4B006824D5 /* Debug */ = {
			isa = XCBuildConfiguration;
			baseConfigurationReference = 89BFC124DFF2341C7D666F7D /* Pods-Countries.debug.xcconfig */;
			buildSettings = {
				ASSETCATALOG_COMPILER_APPICON_NAME = AppIcon;
				ASSETCATALOG_COMPILER_GLOBAL_ACCENT_COLOR_NAME = AccentColor;
				CODE_SIGN_STYLE = Automatic;
				CURRENT_PROJECT_VERSION = 1;
				DEVELOPMENT_TEAM = 5L637C2H24;
				GENERATE_INFOPLIST_FILE = YES;
				INFOPLIST_FILE = Countries/Info.plist;
				INFOPLIST_KEY_UIApplicationSupportsIndirectInputEvents = YES;
				INFOPLIST_KEY_UILaunchStoryboardName = LaunchScreen;
				INFOPLIST_KEY_UIMainStoryboardFile = Main;
				INFOPLIST_KEY_UISupportedInterfaceOrientations_iPad = "UIInterfaceOrientationPortrait UIInterfaceOrientationPortraitUpsideDown UIInterfaceOrientationLandscapeLeft UIInterfaceOrientationLandscapeRight";
				INFOPLIST_KEY_UISupportedInterfaceOrientations_iPhone = "UIInterfaceOrientationPortrait UIInterfaceOrientationLandscapeLeft UIInterfaceOrientationLandscapeRight";
				LD_RUNPATH_SEARCH_PATHS = (
					"$(inherited)",
					"@executable_path/Frameworks",
				);
				MARKETING_VERSION = 1.0;
				PRODUCT_BUNDLE_IDENTIFIER = com.example.Countries;
				PRODUCT_NAME = "$(TARGET_NAME)";
				SWIFT_EMIT_LOC_STRINGS = YES;
				SWIFT_VERSION = 5.0;
				TARGETED_DEVICE_FAMILY = "1,2";
			};
			name = Debug;
		};
		9C4CB10C27EFBC4B006824D5 /* Release */ = {
			isa = XCBuildConfiguration;
			baseConfigurationReference = A05615834728D52327CE2350 /* Pods-Countries.release.xcconfig */;
			buildSettings = {
				ASSETCATALOG_COMPILER_APPICON_NAME = AppIcon;
				ASSETCATALOG_COMPILER_GLOBAL_ACCENT_COLOR_NAME = AccentColor;
				CODE_SIGN_STYLE = Automatic;
				CURRENT_PROJECT_VERSION = 1;
				DEVELOPMENT_TEAM = 5L637C2H24;
				GENERATE_INFOPLIST_FILE = YES;
				INFOPLIST_FILE = Countries/Info.plist;
				INFOPLIST_KEY_UIApplicationSupportsIndirectInputEvents = YES;
				INFOPLIST_KEY_UILaunchStoryboardName = LaunchScreen;
				INFOPLIST_KEY_UIMainStoryboardFile = Main;
				INFOPLIST_KEY_UISupportedInterfaceOrientations_iPad = "UIInterfaceOrientationPortrait UIInterfaceOrientationPortraitUpsideDown UIInterfaceOrientationLandscapeLeft UIInterfaceOrientationLandscapeRight";
				INFOPLIST_KEY_UISupportedInterfaceOrientations_iPhone = "UIInterfaceOrientationPortrait UIInterfaceOrientationLandscapeLeft UIInterfaceOrientationLandscapeRight";
				LD_RUNPATH_SEARCH_PATHS = (
					"$(inherited)",
					"@executable_path/Frameworks",
				);
				MARKETING_VERSION = 1.0;
				PRODUCT_BUNDLE_IDENTIFIER = com.example.Countries;
				PRODUCT_NAME = "$(TARGET_NAME)";
				SWIFT_EMIT_LOC_STRINGS = YES;
				SWIFT_VERSION = 5.0;
				TARGETED_DEVICE_FAMILY = "1,2";
			};
			name = Release;
		};
/* End XCBuildConfiguration section */

/* Begin XCConfigurationList section */
		9C4CB0F127EFBC4A006824D5 /* Build configuration list for PBXProject "Countries" */ = {
			isa = XCConfigurationList;
			buildConfigurations = (
				9C4CB10827EFBC4B006824D5 /* Debug */,
				9C4CB10927EFBC4B006824D5 /* Release */,
			);
			defaultConfigurationIsVisible = 0;
			defaultConfigurationName = Release;
		};
		9C4CB10A27EFBC4B006824D5 /* Build configuration list for PBXNativeTarget "Countries" */ = {
			isa = XCConfigurationList;
			buildConfigurations = (
				9C4CB10B27EFBC4B006824D5 /* Debug */,
				9C4CB10C27EFBC4B006824D5 /* Release */,
			);
			defaultConfigurationIsVisible = 0;
			defaultConfigurationName = Release;
		};
/* End XCConfigurationList section */

/* Begin XCRemoteSwiftPackageReference section */
		9C4CB12427F00E77006824D5 /* XCRemoteSwiftPackageReference "Kingfisher" */ = {
			isa = XCRemoteSwiftPackageReference;
			repositoryURL = "https://github.com/onevcat/Kingfisher.git";
			requirement = {
				branch = master;
				kind = branch;
			};
		};
/* End XCRemoteSwiftPackageReference section */

/* Begin XCSwiftPackageProductDependency section */
		9C4CB12527F00E77006824D5 /* Kingfisher */ = {
			isa = XCSwiftPackageProductDependency;
			package = 9C4CB12427F00E77006824D5 /* XCRemoteSwiftPackageReference "Kingfisher" */;
			productName = Kingfisher;
		};
/* End XCSwiftPackageProductDependency section */
	};
	rootObject = 9C4CB0EE27EFBC4A006824D5 /* Project object */;
}
